
Microsoft Visual Studio Solution File, Format Version 12.00
# Visual Studio Version 17
VisualStudioVersion = 17.11.35222.181
MinimumVisualStudioVersion = 10.0.40219.1
Project("{FAE04EC0-301F-11D3-BF4B-00C04F79EFBC}") = "Dark AutoTyper", "Dark AutoTyper\Dark AutoTyper.csproj", "{97540CF4-6A5B-4BAC-B65B-03107B4B32F8}"
EndProject
Global
	GlobalSection(SolutionConfigurationPlatforms) = preSolution
		Debug|Any CPU = Debug|Any CPU
		Release|Any CPU = Release|Any CPU
	EndGlobalSection
	GlobalSection(ProjectConfigurationPlatforms) = postSolution
		{97540CF4-6A5B-4BAC-B65B-03107B4B32F8}.Debug|Any CPU.ActiveCfg = Debug|Any CPU
		{97540CF4-6A5B-4BAC-B65B-03107B4B32F8}.Debug|Any CPU.Build.0 = Debug|Any CPU
		{97540CF4-6A5B-4BAC-B65B-03107B4B32F8}.Release|Any CPU.ActiveCfg = Release|Any CPU
		{97540CF4-6A5B-4BAC-B65B-03107B4B32F8}.Release|Any CPU.Build.0 = Release|Any CPU
	EndGlobalSection
	GlobalSection(SolutionProperties) = preSolution
		HideSolutionNode = FALSE
	EndGlobalSection
	GlobalSection(ExtensibilityGlobals) = postSolution
		SolutionGuid = {24E5DA80-4F3D-481F-B609-C42907F7F163}
	EndGlobalSection
EndGlobal
